
Microsoft Visual Studio Solution File, Format Version 12.00
# Visual Studio Version 16
VisualStudioVersion = 16.0.30717.126
MinimumVisualStudioVersion = 10.0.40219.1
Project("{9A19103F-16F7-4668-BE54-9A1E7A4F7556}") = "FilemanagerDemo", "FilemanagerDemo.csproj", "{60C570FC-AA44-4C8F-95B9-68F86D94915D}"
EndProject
Project("{FAE04EC0-301F-11D3-BF4B-00C04F79EFBC}") = "DemoProjectTests", "..\DemoProjectTests\DemoProjectTests.csproj", "{4F631CED-C9FF-4C90-8451-147514DA295C}"
EndProject
Global
	GlobalSection(SolutionConfigurationPlatforms) = preSolution
		Debug|Any CPU = Debug|Any CPU
		Release|Any CPU = Release|Any CPU
	EndGlobalSection
	GlobalSection(ProjectConfigurationPlatforms) = postSolution
		{60C570FC-AA44-4C8F-95B9-68F86D94915D}.Debug|Any CPU.ActiveCfg = Debug|Any CPU
		{60C570FC-AA44-4C8F-95B9-68F86D94915D}.Debug|Any CPU.Build.0 = Debug|Any CPU
		{60C570FC-AA44-4C8F-95B9-68F86D94915D}.Release|Any CPU.ActiveCfg = Release|Any CPU
		{60C570FC-AA44-4C8F-95B9-68F86D94915D}.Release|Any CPU.Build.0 = Release|Any CPU
		{4F631CED-C9FF-4C90-8451-147514DA295C}.Debug|Any CPU.ActiveCfg = Debug|Any CPU
		{4F631CED-C9FF-4C90-8451-147514DA295C}.Debug|Any CPU.Build.0 = Debug|Any CPU
		{4F631CED-C9FF-4C90-8451-147514DA295C}.Release|Any CPU.ActiveCfg = Release|Any CPU
		{4F631CED-C9FF-4C90-8451-147514DA295C}.Release|Any CPU.Build.0 = Release|Any CPU
	EndGlobalSection
	GlobalSection(SolutionProperties) = preSolution
		HideSolutionNode = FALSE
	EndGlobalSection
	GlobalSection(ExtensibilityGlobals) = postSolution
		SolutionGuid = {F9C9BA82-79B3-48B0-926C-8BECF37313BB}
	EndGlobalSection
EndGlobal
